// !$*UTF8*$!
{
	archiveVersion = 1;
	classes = {
	};
	objectVersion = 48;
	objects = {

/* Begin PBXBuildFile section */
		61356F752024A173009C0205 /* BlowinSwiper.swift in Sources */ = {isa = PBXBuildFile; fileRef = 61356F722024A173009C0205 /* BlowinSwiper.swift */; };
		61356F9A2025B517009C0205 /* Assets.xcassets in Resources */ = {isa = PBXBuildFile; fileRef = 61356F892025B517009C0205 /* Assets.xcassets */; };
		61356F9C2025B517009C0205 /* AppDelegate.swift in Sources */ = {isa = PBXBuildFile; fileRef = 61356F8C2025B517009C0205 /* AppDelegate.swift */; };
		61356F9D2025B517009C0205 /* TabBarController.storyboard in Resources */ = {isa = PBXBuildFile; fileRef = 61356F8F2025B517009C0205 /* TabBarController.storyboard */; };
		61356F9E2025B517009C0205 /* TabBarController.swift in Sources */ = {isa = PBXBuildFile; fileRef = 61356F902025B517009C0205 /* TabBarController.swift */; };
		61356FA12025B517009C0205 /* WebViewController.swift in Sources */ = {isa = PBXBuildFile; fileRef = 61356F952025B517009C0205 /* WebViewController.swift */; };
		61356FA22025B517009C0205 /* WebViewController.storyboard in Resources */ = {isa = PBXBuildFile; fileRef = 61356F962025B517009C0205 /* WebViewController.storyboard */; };
		61356FA32025B517009C0205 /* MenuViewController.storyboard in Resources */ = {isa = PBXBuildFile; fileRef = 61356F982025B517009C0205 /* MenuViewController.storyboard */; };
		61356FA42025B517009C0205 /* MenuViewController.swift in Sources */ = {isa = PBXBuildFile; fileRef = 61356F992025B517009C0205 /* MenuViewController.swift */; };
		61D0DD852025B744003AB105 /* UIColorExtension.swift in Sources */ = {isa = PBXBuildFile; fileRef = 61D0DD842025B744003AB105 /* UIColorExtension.swift */; };
		61D0DD872027395E003AB105 /* NavigationController.swift in Sources */ = {isa = PBXBuildFile; fileRef = 61D0DD862027395E003AB105 /* NavigationController.swift */; };
		61D0DD892028A628003AB105 /* nao.jpg in Resources */ = {isa = PBXBuildFile; fileRef = 61D0DD882028A628003AB105 /* nao.jpg */; };
		61D0DD8B2029788C003AB105 /* PopAnimatedTransitioning.swift in Sources */ = {isa = PBXBuildFile; fileRef = 61D0DD8A2029788C003AB105 /* PopAnimatedTransitioning.swift */; };
		61D0DD8F20297B2A003AB105 /* NaoViewController.swift in Sources */ = {isa = PBXBuildFile; fileRef = 61D0DD8D20297B2A003AB105 /* NaoViewController.swift */; };
		61D0DD9020297B2A003AB105 /* NaoViewController.storyboard in Resources */ = {isa = PBXBuildFile; fileRef = 61D0DD8E20297B2A003AB105 /* NaoViewController.storyboard */; };
		61F27EA6203412310024FAF4 /* TabItemView.swift in Sources */ = {isa = PBXBuildFile; fileRef = 61F27E9B203412310024FAF4 /* TabItemView.swift */; };
		61F27EA7203412310024FAF4 /* SwipeMenuViewController.swift in Sources */ = {isa = PBXBuildFile; fileRef = 61F27E9C203412310024FAF4 /* SwipeMenuViewController.swift */; };
		61F27EA8203412310024FAF4 /* ContentScrollView.swift in Sources */ = {isa = PBXBuildFile; fileRef = 61F27E9D203412310024FAF4 /* ContentScrollView.swift */; };
		61F27EA9203412310024FAF4 /* SwipeMenuView.swift in Sources */ = {isa = PBXBuildFile; fileRef = 61F27E9E203412310024FAF4 /* SwipeMenuView.swift */; };
		61F27EAA203412310024FAF4 /* TabView.swift in Sources */ = {isa = PBXBuildFile; fileRef = 61F27E9F203412310024FAF4 /* TabView.swift */; };
		61F27EAC203412310024FAF4 /* UIViewExtension.swift in Sources */ = {isa = PBXBuildFile; fileRef = 61F27EA2203412310024FAF4 /* UIViewExtension.swift */; };
		61F27EB2203680F20024FAF4 /* TanukiViewController.storyboard in Resources */ = {isa = PBXBuildFile; fileRef = 61F27EB1203680F20024FAF4 /* TanukiViewController.storyboard */; };
		61F27EB4203681030024FAF4 /* TanukiViewController.swift in Sources */ = {isa = PBXBuildFile; fileRef = 61F27EB3203681030024FAF4 /* TanukiViewController.swift */; };
		61F27EB62036A7A60024FAF4 /* tanuki.jpg in Resources */ = {isa = PBXBuildFile; fileRef = 61F27EB52036A7A60024FAF4 /* tanuki.jpg */; };
/* End PBXBuildFile section */

/* Begin PBXFileReference section */
		61356F5C2024A111009C0205 /* Example.app */ = {isa = PBXFileReference; explicitFileType = wrapper.application; includeInIndex = 0; path = Example.app; sourceTree = BUILT_PRODUCTS_DIR; };
		61356F722024A173009C0205 /* BlowinSwiper.swift */ = {isa = PBXFileReference; fileEncoding = 4; lastKnownFileType = sourcecode.swift; path = BlowinSwiper.swift; sourceTree = "<group>"; };
		61356F732024A173009C0205 /* BlowinSwiper.h */ = {isa = PBXFileReference; fileEncoding = 4; lastKnownFileType = sourcecode.c.h; path = BlowinSwiper.h; sourceTree = "<group>"; };
		61356F742024A173009C0205 /* Info.plist */ = {isa = PBXFileReference; fileEncoding = 4; lastKnownFileType = text.plist.xml; path = Info.plist; sourceTree = "<group>"; };
		61356F892025B517009C0205 /* Assets.xcassets */ = {isa = PBXFileReference; lastKnownFileType = folder.assetcatalog; path = Assets.xcassets; sourceTree = "<group>"; };
		61356F8A2025B517009C0205 /* Info.plist */ = {isa = PBXFileReference; fileEncoding = 4; lastKnownFileType = text.plist.xml; path = Info.plist; sourceTree = "<group>"; };
		61356F8C2025B517009C0205 /* AppDelegate.swift */ = {isa = PBXFileReference; fileEncoding = 4; lastKnownFileType = sourcecode.swift; path = AppDelegate.swift; sourceTree = "<group>"; };
		61356F8F2025B517009C0205 /* TabBarController.storyboard */ = {isa = PBXFileReference; fileEncoding = 4; lastKnownFileType = file.storyboard; path = TabBarController.storyboard; sourceTree = "<group>"; };
		61356F902025B517009C0205 /* TabBarController.swift */ = {isa = PBXFileReference; fileEncoding = 4; lastKnownFileType = sourcecode.swift; path = TabBarController.swift; sourceTree = "<group>"; };
		61356F952025B517009C0205 /* WebViewController.swift */ = {isa = PBXFileReference; fileEncoding = 4; lastKnownFileType = sourcecode.swift; path = WebViewController.swift; sourceTree = "<group>"; };
		61356F962025B517009C0205 /* WebViewController.storyboard */ = {isa = PBXFileReference; fileEncoding = 4; lastKnownFileType = file.storyboard; path = WebViewController.storyboard; sourceTree = "<group>"; };
		61356F982025B517009C0205 /* MenuViewController.storyboard */ = {isa = PBXFileReference; fileEncoding = 4; lastKnownFileType = file.storyboard; path = MenuViewController.storyboard; sourceTree = "<group>"; };
		61356F992025B517009C0205 /* MenuViewController.swift */ = {isa = PBXFileReference; fileEncoding = 4; lastKnownFileType = sourcecode.swift; path = MenuViewController.swift; sourceTree = "<group>"; };
		61D0DD842025B744003AB105 /* UIColorExtension.swift */ = {isa = PBXFileReference; lastKnownFileType = sourcecode.swift; path = UIColorExtension.swift; sourceTree = "<group>"; };
		61D0DD862027395E003AB105 /* NavigationController.swift */ = {isa = PBXFileReference; lastKnownFileType = sourcecode.swift; path = NavigationController.swift; sourceTree = "<group>"; };
		61D0DD882028A628003AB105 /* nao.jpg */ = {isa = PBXFileReference; lastKnownFileType = image.jpeg; path = nao.jpg; sourceTree = "<group>"; };
		61D0DD8A2029788C003AB105 /* PopAnimatedTransitioning.swift */ = {isa = PBXFileReference; lastKnownFileType = sourcecode.swift; path = PopAnimatedTransitioning.swift; sourceTree = "<group>"; };
		61D0DD8D20297B2A003AB105 /* NaoViewController.swift */ = {isa = PBXFileReference; fileEncoding = 4; lastKnownFileType = sourcecode.swift; path = NaoViewController.swift; sourceTree = "<group>"; };
		61D0DD8E20297B2A003AB105 /* NaoViewController.storyboard */ = {isa = PBXFileReference; fileEncoding = 4; lastKnownFileType = file.storyboard; path = NaoViewController.storyboard; sourceTree = "<group>"; };
		61F27E9B203412310024FAF4 /* TabItemView.swift */ = {isa = PBXFileReference; fileEncoding = 4; lastKnownFileType = sourcecode.swift; path = TabItemView.swift; sourceTree = "<group>"; };
		61F27E9C203412310024FAF4 /* SwipeMenuViewController.swift */ = {isa = PBXFileReference; fileEncoding = 4; lastKnownFileType = sourcecode.swift; path = SwipeMenuViewController.swift; sourceTree = "<group>"; };
		61F27E9D203412310024FAF4 /* ContentScrollView.swift */ = {isa = PBXFileReference; fileEncoding = 4; lastKnownFileType = sourcecode.swift; path = ContentScrollView.swift; sourceTree = "<group>"; };
		61F27E9E203412310024FAF4 /* SwipeMenuView.swift */ = {isa = PBXFileReference; fileEncoding = 4; lastKnownFileType = sourcecode.swift; path = SwipeMenuView.swift; sourceTree = "<group>"; };
		61F27E9F203412310024FAF4 /* TabView.swift */ = {isa = PBXFileReference; fileEncoding = 4; lastKnownFileType = sourcecode.swift; path = TabView.swift; sourceTree = "<group>"; };
		61F27EA2203412310024FAF4 /* UIViewExtension.swift */ = {isa = PBXFileReference; fileEncoding = 4; lastKnownFileType = sourcecode.swift; path = UIViewExtension.swift; sourceTree = "<group>"; };
		61F27EB1203680F20024FAF4 /* TanukiViewController.storyboard */ = {isa = PBXFileReference; lastKnownFileType = file.storyboard; path = TanukiViewController.storyboard; sourceTree = "<group>"; };
		61F27EB3203681030024FAF4 /* TanukiViewController.swift */ = {isa = PBXFileReference; lastKnownFileType = sourcecode.swift; path = TanukiViewController.swift; sourceTree = "<group>"; };
		61F27EB52036A7A60024FAF4 /* tanuki.jpg */ = {isa = PBXFileReference; lastKnownFileType = image.jpeg; path = tanuki.jpg; sourceTree = "<group>"; };
/* End PBXFileReference section */

/* Begin PBXFrameworksBuildPhase section */
		61356F592024A111009C0205 /* Frameworks */ = {
			isa = PBXFrameworksBuildPhase;
			buildActionMask = 2147483647;
			files = (
			);
			runOnlyForDeploymentPostprocessing = 0;
		};
/* End PBXFrameworksBuildPhase section */

/* Begin PBXGroup section */
		61356F532024A111009C0205 = {
			isa = PBXGroup;
			children = (
				61356F872025B517009C0205 /* Example */,
				61356F712024A173009C0205 /* BlowinSwiper */,
				61356F5D2024A111009C0205 /* Products */,
			);
			sourceTree = "<group>";
		};
		61356F5D2024A111009C0205 /* Products */ = {
			isa = PBXGroup;
			children = (
				61356F5C2024A111009C0205 /* Example.app */,
			);
			name = Products;
			sourceTree = "<group>";
		};
		61356F712024A173009C0205 /* BlowinSwiper */ = {
			isa = PBXGroup;
			children = (
				61356F722024A173009C0205 /* BlowinSwiper.swift */,
				61D0DD8A2029788C003AB105 /* PopAnimatedTransitioning.swift */,
				61356F732024A173009C0205 /* BlowinSwiper.h */,
				61356F742024A173009C0205 /* Info.plist */,
			);
			path = BlowinSwiper;
			sourceTree = "<group>";
		};
		61356F872025B517009C0205 /* Example */ = {
			isa = PBXGroup;
			children = (
				61356F882025B517009C0205 /* Resources */,
				61356F8B2025B517009C0205 /* Sources */,
			);
			path = Example;
			sourceTree = "<group>";
		};
		61356F882025B517009C0205 /* Resources */ = {
			isa = PBXGroup;
			children = (
				61356F892025B517009C0205 /* Assets.xcassets */,
				61356F8A2025B517009C0205 /* Info.plist */,
				61D0DD882028A628003AB105 /* nao.jpg */,
				61F27EB52036A7A60024FAF4 /* tanuki.jpg */,
			);
			path = Resources;
			sourceTree = "<group>";
		};
		61356F8B2025B517009C0205 /* Sources */ = {
			isa = PBXGroup;
			children = (
				61356F8C2025B517009C0205 /* AppDelegate.swift */,
				61356F8D2025B517009C0205 /* Controllers */,
				61D0DD832025B71C003AB105 /* Extensions */,
				61F27E99203412310024FAF4 /* SwipeMenuViewController */,
			);
			path = Sources;
			sourceTree = "<group>";
		};
		61356F8D2025B517009C0205 /* Controllers */ = {
			isa = PBXGroup;
			children = (
				61356F8E2025B517009C0205 /* TabBar */,
				61D0DD8C20297B2A003AB105 /* Nao */,
				61356F972025B517009C0205 /* Menu */,
				61F27EB0203680DC0024FAF4 /* Tanuki */,
				61356F942025B517009C0205 /* Web */,
			);
			path = Controllers;
			sourceTree = "<group>";
		};
		61356F8E2025B517009C0205 /* TabBar */ = {
			isa = PBXGroup;
			children = (
				61356F8F2025B517009C0205 /* TabBarController.storyboard */,
				61356F902025B517009C0205 /* TabBarController.swift */,
				61D0DD862027395E003AB105 /* NavigationController.swift */,
			);
			path = TabBar;
			sourceTree = "<group>";
		};
		61356F942025B517009C0205 /* Web */ = {
			isa = PBXGroup;
			children = (
				61356F962025B517009C0205 /* WebViewController.storyboard */,
				61356F952025B517009C0205 /* WebViewController.swift */,
			);
			path = Web;
			sourceTree = "<group>";
		};
		61356F972025B517009C0205 /* Menu */ = {
			isa = PBXGroup;
			children = (
				61356F982025B517009C0205 /* MenuViewController.storyboard */,
				61356F992025B517009C0205 /* MenuViewController.swift */,
			);
			path = Menu;
			sourceTree = "<group>";
		};
		61D0DD832025B71C003AB105 /* Extensions */ = {
			isa = PBXGroup;
			children = (
				61D0DD842025B744003AB105 /* UIColorExtension.swift */,
			);
			path = Extensions;
			sourceTree = "<group>";
		};
		61D0DD8C20297B2A003AB105 /* Nao */ = {
			isa = PBXGroup;
			children = (
				61D0DD8E20297B2A003AB105 /* NaoViewController.storyboard */,
				61D0DD8D20297B2A003AB105 /* NaoViewController.swift */,
			);
			path = Nao;
			sourceTree = "<group>";
		};
		61F27E99203412310024FAF4 /* SwipeMenuViewController */ = {
			isa = PBXGroup;
			children = (
				61F27E9A203412310024FAF4 /* Sources */,
			);
			path = SwipeMenuViewController;
			sourceTree = "<group>";
		};
		61F27E9A203412310024FAF4 /* Sources */ = {
			isa = PBXGroup;
			children = (
				61F27E9B203412310024FAF4 /* TabItemView.swift */,
				61F27E9C203412310024FAF4 /* SwipeMenuViewController.swift */,
				61F27E9D203412310024FAF4 /* ContentScrollView.swift */,
				61F27E9E203412310024FAF4 /* SwipeMenuView.swift */,
				61F27E9F203412310024FAF4 /* TabView.swift */,
				61F27EA0203412310024FAF4 /* Extensions */,
			);
			path = Sources;
			sourceTree = "<group>";
		};
		61F27EA0203412310024FAF4 /* Extensions */ = {
			isa = PBXGroup;
			children = (
				61F27EA2203412310024FAF4 /* UIViewExtension.swift */,
			);
			path = Extensions;
			sourceTree = "<group>";
		};
		61F27EB0203680DC0024FAF4 /* Tanuki */ = {
			isa = PBXGroup;
			children = (
				61F27EB1203680F20024FAF4 /* TanukiViewController.storyboard */,
				61F27EB3203681030024FAF4 /* TanukiViewController.swift */,
			);
			path = Tanuki;
			sourceTree = "<group>";
		};
/* End PBXGroup section */

/* Begin PBXNativeTarget section */
		61356F5B2024A111009C0205 /* Example */ = {
			isa = PBXNativeTarget;
			buildConfigurationList = 61356F6E2024A111009C0205 /* Build configuration list for PBXNativeTarget "Example" */;
			buildPhases = (
				61356F582024A111009C0205 /* Sources */,
				61356F592024A111009C0205 /* Frameworks */,
				61356F5A2024A111009C0205 /* Resources */,
			);
			buildRules = (
			);
			dependencies = (
			);
			name = Example;
			productName = Example;
			productReference = 61356F5C2024A111009C0205 /* Example.app */;
			productType = "com.apple.product-type.application";
		};
/* End PBXNativeTarget section */

/* Begin PBXProject section */
		61356F542024A111009C0205 /* Project object */ = {
			isa = PBXProject;
			attributes = {
				LastSwiftUpdateCheck = 0920;
				LastUpgradeCheck = 0920;
				ORGANIZATIONNAME = "Takuma Horiuchi";
				TargetAttributes = {
					61356F5B2024A111009C0205 = {
						CreatedOnToolsVersion = 9.2;
						ProvisioningStyle = Automatic;
					};
				};
			};
			buildConfigurationList = 61356F572024A111009C0205 /* Build configuration list for PBXProject "Example" */;
			compatibilityVersion = "Xcode 8.0";
			developmentRegion = en;
			hasScannedForEncodings = 0;
			knownRegions = (
				en,
				Base,
			);
			mainGroup = 61356F532024A111009C0205;
			productRefGroup = 61356F5D2024A111009C0205 /* Products */;
			projectDirPath = "";
			projectRoot = "";
			targets = (
				61356F5B2024A111009C0205 /* Example */,
			);
		};
/* End PBXProject section */

/* Begin PBXResourcesBuildPhase section */
		61356F5A2024A111009C0205 /* Resources */ = {
			isa = PBXResourcesBuildPhase;
			buildActionMask = 2147483647;
			files = (
				61D0DD892028A628003AB105 /* nao.jpg in Resources */,
				61356F9A2025B517009C0205 /* Assets.xcassets in Resources */,
				61F27EB2203680F20024FAF4 /* TanukiViewController.storyboard in Resources */,
				61D0DD9020297B2A003AB105 /* NaoViewController.storyboard in Resources */,
				61356F9D2025B517009C0205 /* TabBarController.storyboard in Resources */,
				61F27EB62036A7A60024FAF4 /* tanuki.jpg in Resources */,
				61356FA32025B517009C0205 /* MenuViewController.storyboard in Resources */,
				61356FA22025B517009C0205 /* WebViewController.storyboard in Resources */,
			);
			runOnlyForDeploymentPostprocessing = 0;
		};
/* End PBXResourcesBuildPhase section */

/* Begin PBXSourcesBuildPhase section */
		61356F582024A111009C0205 /* Sources */ = {
			isa = PBXSourcesBuildPhase;
			buildActionMask = 2147483647;
			files = (
				61F27EB4203681030024FAF4 /* TanukiViewController.swift in Sources */,
				61356F9E2025B517009C0205 /* TabBarController.swift in Sources */,
				61D0DD8B2029788C003AB105 /* PopAnimatedTransitioning.swift in Sources */,
				61D0DD872027395E003AB105 /* NavigationController.swift in Sources */,
				61F27EA6203412310024FAF4 /* TabItemView.swift in Sources */,
				61F27EAA203412310024FAF4 /* TabView.swift in Sources */,
				61F27EAC203412310024FAF4 /* UIViewExtension.swift in Sources */,
				61D0DD852025B744003AB105 /* UIColorExtension.swift in Sources */,
				61F27EA7203412310024FAF4 /* SwipeMenuViewController.swift in Sources */,
				61356F9C2025B517009C0205 /* AppDelegate.swift in Sources */,
				61356FA42025B517009C0205 /* MenuViewController.swift in Sources */,
				61D0DD8F20297B2A003AB105 /* NaoViewController.swift in Sources */,
				61356FA12025B517009C0205 /* WebViewController.swift in Sources */,
				61F27EA9203412310024FAF4 /* SwipeMenuView.swift in Sources */,
				61356F752024A173009C0205 /* BlowinSwiper.swift in Sources */,
				61F27EA8203412310024FAF4 /* ContentScrollView.swift in Sources */,
			);
			runOnlyForDeploymentPostprocessing = 0;
		};
/* End PBXSourcesBuildPhase section */

/* Begin XCBuildConfiguration section */
		61356F6C2024A111009C0205 /* Debug */ = {
			isa = XCBuildConfiguration;
			buildSettings = {
				ALWAYS_SEARCH_USER_PATHS = NO;
				CLANG_ANALYZER_NONNULL = YES;
				CLANG_ANALYZER_NUMBER_OBJECT_CONVERSION = YES_AGGRESSIVE;
				CLANG_CXX_LANGUAGE_STANDARD = "gnu++14";
				CLANG_CXX_LIBRARY = "libc++";
				CLANG_ENABLE_MODULES = YES;
				CLANG_ENABLE_OBJC_ARC = YES;
				CLANG_WARN_BLOCK_CAPTURE_AUTORELEASING = YES;
				CLANG_WARN_BOOL_CONVERSION = YES;
				CLANG_WARN_COMMA = YES;
				CLANG_WARN_CONSTANT_CONVERSION = YES;
				CLANG_WARN_DIRECT_OBJC_ISA_USAGE = YES_ERROR;
				CLANG_WARN_DOCUMENTATION_COMMENTS = YES;
				CLANG_WARN_EMPTY_BODY = YES;
				CLANG_WARN_ENUM_CONVERSION = YES;
				CLANG_WARN_INFINITE_RECURSION = YES;
				CLANG_WARN_INT_CONVERSION = YES;
				CLANG_WARN_NON_LITERAL_NULL_CONVERSION = YES;
				CLANG_WARN_OBJC_LITERAL_CONVERSION = YES;
				CLANG_WARN_OBJC_ROOT_CLASS = YES_ERROR;
				CLANG_WARN_RANGE_LOOP_ANALYSIS = YES;
				CLANG_WARN_STRICT_PROTOTYPES = YES;
				CLANG_WARN_SUSPICIOUS_MOVE = YES;
				CLANG_WARN_UNGUARDED_AVAILABILITY = YES_AGGRESSIVE;
				CLANG_WARN_UNREACHABLE_CODE = YES;
				CLANG_WARN__DUPLICATE_METHOD_MATCH = YES;
				CODE_SIGN_IDENTITY = "iPhone Developer";
				COPY_PHASE_STRIP = NO;
				DEBUG_INFORMATION_FORMAT = dwarf;
				ENABLE_STRICT_OBJC_MSGSEND = YES;
				ENABLE_TESTABILITY = YES;
				GCC_C_LANGUAGE_STANDARD = gnu11;
				GCC_DYNAMIC_NO_PIC = NO;
				GCC_NO_COMMON_BLOCKS = YES;
				GCC_OPTIMIZATION_LEVEL = 0;
				GCC_PREPROCESSOR_DEFINITIONS = (
					"DEBUG=1",
					"$(inherited)",
				);
				GCC_WARN_64_TO_32_BIT_CONVERSION = YES;
				GCC_WARN_ABOUT_RETURN_TYPE = YES_ERROR;
				GCC_WARN_UNDECLARED_SELECTOR = YES;
				GCC_WARN_UNINITIALIZED_AUTOS = YES_AGGRESSIVE;
				GCC_WARN_UNUSED_FUNCTION = YES;
				GCC_WARN_UNUSED_VARIABLE = YES;
				IPHONEOS_DEPLOYMENT_TARGET = 11.2;
				MTL_ENABLE_DEBUG_INFO = YES;
				ONLY_ACTIVE_ARCH = YES;
				SDKROOT = iphoneos;
				SWIFT_ACTIVE_COMPILATION_CONDITIONS = DEBUG;
				SWIFT_OPTIMIZATION_LEVEL = "-Onone";
			};
			name = Debug;
		};
		61356F6D2024A111009C0205 /* Release */ = {
			isa = XCBuildConfiguration;
			buildSettings = {
				ALWAYS_SEARCH_USER_PATHS = NO;
				CLANG_ANALYZER_NONNULL = YES;
				CLANG_ANALYZER_NUMBER_OBJECT_CONVERSION = YES_AGGRESSIVE;
				CLANG_CXX_LANGUAGE_STANDARD = "gnu++14";
				CLANG_CXX_LIBRARY = "libc++";
				CLANG_ENABLE_MODULES = YES;
				CLANG_ENABLE_OBJC_ARC = YES;
				CLANG_WARN_BLOCK_CAPTURE_AUTORELEASING = YES;
				CLANG_WARN_BOOL_CONVERSION = YES;
				CLANG_WARN_COMMA = YES;
				CLANG_WARN_CONSTANT_CONVERSION = YES;
				CLANG_WARN_DIRECT_OBJC_ISA_USAGE = YES_ERROR;
				CLANG_WARN_DOCUMENTATION_COMMENTS = YES;
				CLANG_WARN_EMPTY_BODY = YES;
				CLANG_WARN_ENUM_CONVERSION = YES;
				CLANG_WARN_INFINITE_RECURSION = YES;
				CLANG_WARN_INT_CONVERSION = YES;
				CLANG_WARN_NON_LITERAL_NULL_CONVERSION = YES;
				CLANG_WARN_OBJC_LITERAL_CONVERSION = YES;
				CLANG_WARN_OBJC_ROOT_CLASS = YES_ERROR;
				CLANG_WARN_RANGE_LOOP_ANALYSIS = YES;
				CLANG_WARN_STRICT_PROTOTYPES = YES;
				CLANG_WARN_SUSPICIOUS_MOVE = YES;
				CLANG_WARN_UNGUARDED_AVAILABILITY = YES_AGGRESSIVE;
				CLANG_WARN_UNREACHABLE_CODE = YES;
				CLANG_WARN__DUPLICATE_METHOD_MATCH = YES;
				CODE_SIGN_IDENTITY = "iPhone Developer";
				COPY_PHASE_STRIP = NO;
				DEBUG_INFORMATION_FORMAT = "dwarf-with-dsym";
				ENABLE_NS_ASSERTIONS = NO;
				ENABLE_STRICT_OBJC_MSGSEND = YES;
				GCC_C_LANGUAGE_STANDARD = gnu11;
				GCC_NO_COMMON_BLOCKS = YES;
				GCC_WARN_64_TO_32_BIT_CONVERSION = YES;
				GCC_WARN_ABOUT_RETURN_TYPE = YES_ERROR;
				GCC_WARN_UNDECLARED_SELECTOR = YES;
				GCC_WARN_UNINITIALIZED_AUTOS = YES_AGGRESSIVE;
				GCC_WARN_UNUSED_FUNCTION = YES;
				GCC_WARN_UNUSED_VARIABLE = YES;
				IPHONEOS_DEPLOYMENT_TARGET = 11.2;
				MTL_ENABLE_DEBUG_INFO = NO;
				SDKROOT = iphoneos;
				SWIFT_OPTIMIZATION_LEVEL = "-Owholemodule";
				VALIDATE_PRODUCT = YES;
			};
			name = Release;
		};
		61356F6F2024A111009C0205 /* Debug */ = {
			isa = XCBuildConfiguration;
			buildSettings = {
				ASSETCATALOG_COMPILER_APPICON_NAME = AppIcon;
				CODE_SIGN_STYLE = Automatic;
				DEVELOPMENT_TEAM = 4ZJ5LV82G2;
				FRAMEWORK_SEARCH_PATHS = "$(inherited)";
				INFOPLIST_FILE = "$(SRCROOT)/Example/Resources/Info.plist";
				IPHONEOS_DEPLOYMENT_TARGET = 11.0;
				LD_RUNPATH_SEARCH_PATHS = "$(inherited) @executable_path/Frameworks";
				PRODUCT_BUNDLE_IDENTIFIER = TakumaHoriuchi.Example;
				PRODUCT_NAME = "$(TARGET_NAME)";
				SWIFT_VERSION = 4.0;
				TARGETED_DEVICE_FAMILY = "1,2";
			};
			name = Debug;
		};
		61356F702024A111009C0205 /* Release */ = {
			isa = XCBuildConfiguration;
			buildSettings = {
				ASSETCATALOG_COMPILER_APPICON_NAME = AppIcon;
				CODE_SIGN_STYLE = Automatic;
				DEVELOPMENT_TEAM = 4ZJ5LV82G2;
				FRAMEWORK_SEARCH_PATHS = "$(inherited)";
				INFOPLIST_FILE = "$(SRCROOT)/Example/Resources/Info.plist";
				IPHONEOS_DEPLOYMENT_TARGET = 11.0;
				LD_RUNPATH_SEARCH_PATHS = "$(inherited) @executable_path/Frameworks";
				PRODUCT_BUNDLE_IDENTIFIER = TakumaHoriuchi.Example;
				PRODUCT_NAME = "$(TARGET_NAME)";
				SWIFT_VERSION = 4.0;
				TARGETED_DEVICE_FAMILY = "1,2";
			};
			name = Release;
		};
/* End XCBuildConfiguration section */

/* Begin XCConfigurationList section */
		61356F572024A111009C0205 /* Build configuration list for PBXProject "Example" */ = {
			isa = XCConfigurationList;
			buildConfigurations = (
				61356F6C2024A111009C0205 /* Debug */,
				61356F6D2024A111009C0205 /* Release */,
			);
			defaultConfigurationIsVisible = 0;
			defaultConfigurationName = Release;
		};
		61356F6E2024A111009C0205 /* Build configuration list for PBXNativeTarget "Example" */ = {
			isa = XCConfigurationList;
			buildConfigurations = (
				61356F6F2024A111009C0205 /* Debug */,
				61356F702024A111009C0205 /* Release */,
			);
			defaultConfigurationIsVisible = 0;
			defaultConfigurationName = Release;
		};
/* End XCConfigurationList section */
	};
	rootObject = 61356F542024A111009C0205 /* Project object */;
}
